// !$*UTF8*$!
{
	archiveVersion = 1;
	classes = {
	};
	objectVersion = 46;
	objects = {

/* Begin PBXBuildFile section */
		BE0FD0661C59BD9B001EB8DF /* AppDelegate.swift in Sources */ = {isa = PBXBuildFile; fileRef = BE0FD0651C59BD9B001EB8DF /* AppDelegate.swift */; };
		BE0FD0681C59BD9B001EB8DF /* ViewController.swift in Sources */ = {isa = PBXBuildFile; fileRef = BE0FD0671C59BD9B001EB8DF /* ViewController.swift */; };
		BE0FD06B1C59BD9B001EB8DF /* Main.storyboard in Resources */ = {isa = PBXBuildFile; fileRef = BE0FD0691C59BD9B001EB8DF /* Main.storyboard */; };
		BE0FD06D1C59BD9B001EB8DF /* Assets.xcassets in Resources */ = {isa = PBXBuildFile; fileRef = BE0FD06C1C59BD9B001EB8DF /* Assets.xcassets */; };
		BE0FD0701C59BD9B001EB8DF /* LaunchScreen.storyboard in Resources */ = {isa = PBXBuildFile; fileRef = BE0FD06E1C59BD9B001EB8DF /* LaunchScreen.storyboard */; };
/* End PBXBuildFile section */

/* Begin PBXFileReference section */
		BE0FD0621C59BD9A001EB8DF /* GifJams.app */ = {isa = PBXFileReference; explicitFileType = wrapper.application; includeInIndex = 0; path = GifJams.app; sourceTree = BUILT_PRODUCTS_DIR; };
		BE0FD0651C59BD9B001EB8DF /* AppDelegate.swift */ = {isa = PBXFileReference; lastKnownFileType = sourcecode.swift; path = AppDelegate.swift; sourceTree = "<group>"; };
		BE0FD0671C59BD9B001EB8DF /* ViewController.swift */ = {isa = PBXFileReference; lastKnownFileType = sourcecode.swift; path = ViewController.swift; sourceTree = "<group>"; };
		BE0FD06A1C59BD9B001EB8DF /* Base */ = {isa = PBXFileReference; lastKnownFileType = file.storyboard; name = Base; path = Base.lproj/Main.storyboard; sourceTree = "<group>"; };
		BE0FD06C1C59BD9B001EB8DF /* Assets.xcassets */ = {isa = PBXFileReference; lastKnownFileType = folder.assetcatalog; path = Assets.xcassets; sourceTree = "<group>"; };
		BE0FD06F1C59BD9B001EB8DF /* Base */ = {isa = PBXFileReference; lastKnownFileType = file.storyboard; name = Base; path = Base.lproj/LaunchScreen.storyboard; sourceTree = "<group>"; };
		BE0FD0711C59BD9B001EB8DF /* Info.plist */ = {isa = PBXFileReference; lastKnownFileType = text.plist.xml; path = Info.plist; sourceTree = "<group>"; };
/* End PBXFileReference section */

/* Begin PBXFrameworksBuildPhase section */
		BE0FD05F1C59BD9A001EB8DF /* Frameworks */ = {
			isa = PBXFrameworksBuildPhase;
			buildActionMask = 2147483647;
			files = (
			);
			runOnlyForDeploymentPostprocessing = 0;
		};
/* End PBXFrameworksBuildPhase section */

/* Begin PBXGroup section */
		BE0FD0591C59BD99001EB8DF = {
			isa = PBXGroup;
			children = (
				BE0FD0641C59BD9A001EB8DF /* GifJams */,
				BE0FD0631C59BD9A001EB8DF /* Products */,
			);
			sourceTree = "<group>";
		};
		BE0FD0631C59BD9A001EB8DF /* Products */ = {
			isa = PBXGroup;
			children = (
				BE0FD0621C59BD9A001EB8DF /* GifJams.app */,
			);
			name = Products;
			sourceTree = "<group>";
		};
		BE0FD0641C59BD9A001EB8DF /* GifJams */ = {
			isa = PBXGroup;
			children = (
				BE0FD0651C59BD9B001EB8DF /* AppDelegate.swift */,
				BE0FD0671C59BD9B001EB8DF /* ViewController.swift */,
				BE0FD0691C59BD9B001EB8DF /* Main.storyboard */,
				BE0FD06C1C59BD9B001EB8DF /* Assets.xcassets */,
				BE0FD06E1C59BD9B001EB8DF /* LaunchScreen.storyboard */,
				BE0FD0711C59BD9B001EB8DF /* Info.plist */,
			);
			path = GifJams;
			sourceTree = "<group>";
		};
/* End PBXGroup section */

/* Begin PBXNativeTarget section */
		BE0FD0611C59BD9A001EB8DF /* GifJams */ = {
			isa = PBXNativeTarget;
			buildConfigurationList = BE0FD0741C59BD9B001EB8DF /* Build configuration list for PBXNativeTarget "GifJams" */;
			buildPhases = (
				BE0FD05E1C59BD9A001EB8DF /* Sources */,
				BE0FD05F1C59BD9A001EB8DF /* Frameworks */,
				BE0FD0601C59BD9A001EB8DF /* Resources */,
			);
			buildRules = (
			);
			dependencies = (
			);
			name = GifJams;
			productName = GifJams;
			productReference = BE0FD0621C59BD9A001EB8DF /* GifJams.app */;
			productType = "com.apple.product-type.application";
		};
/* End PBXNativeTarget section */

/* Begin PBXProject section */
		BE0FD05A1C59BD9A001EB8DF /* Project object */ = {
			isa = PBXProject;
			attributes = {
				LastSwiftUpdateCheck = 0720;
				LastUpgradeCheck = 0720;
				ORGANIZATIONNAME = "Christian Gonzalez";
				TargetAttributes = {
					BE0FD0611C59BD9A001EB8DF = {
						CreatedOnToolsVersion = 7.2;
						DevelopmentTeam = 5R532AGNV4;
					};
				};
			};
			buildConfigurationList = BE0FD05D1C59BD9A001EB8DF /* Build configuration list for PBXProject "GifJams" */;
			compatibilityVersion = "Xcode 3.2";
			developmentRegion = English;
			hasScannedForEncodings = 0;
			knownRegions = (
				en,
				Base,
			);
			mainGroup = BE0FD0591C59BD99001EB8DF;
			productRefGroup = BE0FD0631C59BD9A001EB8DF /* Products */;
			projectDirPath = "";
			projectRoot = "";
			targets = (
				BE0FD0611C59BD9A001EB8DF /* GifJams */,
			);
		};
/* End PBXProject section */

/* Begin PBXResourcesBuildPhase section */
		BE0FD0601C59BD9A001EB8DF /* Resources */ = {
			isa = PBXResourcesBuildPhase;
			buildActionMask = 2147483647;
			files = (
				BE0FD0701C59BD9B001EB8DF /* LaunchScreen.storyboard in Resources */,
				BE0FD06D1C59BD9B001EB8DF /* Assets.xcassets in Resources */,
				BE0FD06B1C59BD9B001EB8DF /* Main.storyboard in Resources */,
			);
			runOnlyForDeploymentPostprocessing = 0;
		};
/* End PBXResourcesBuildPhase section */

/* Begin PBXSourcesBuildPhase section */
		BE0FD05E1C59BD9A001EB8DF /* Sources */ = {
			isa = PBXSourcesBuildPhase;
			buildActionMask = 2147483647;
			files = (
				BE0FD0681C59BD9B001EB8DF /* ViewController.swift in Sources */,
				BE0FD0661C59BD9B001EB8DF /* AppDelegate.swift in Sources */,
			);
			runOnlyForDeploymentPostprocessing = 0;
		};
/* End PBXSourcesBuildPhase section */

/* Begin PBXVariantGroup section */
		BE0FD0691C59BD9B001EB8DF /* Main.storyboard */ = {
			isa = PBXVariantGroup;
			children = (
				BE0FD06A1C59BD9B001EB8DF /* Base */,
			);
			name = Main.storyboard;
			sourceTree = "<group>";
		};
		BE0FD06E1C59BD9B001EB8DF /* LaunchScreen.storyboard */ = {
			isa = PBXVariantGroup;
			children = (
				BE0FD06F1C59BD9B001EB8DF /* Base */,
			);
			name = LaunchScreen.storyboard;
			sourceTree = "<group>";
		};
/* End PBXVariantGroup section */

/* Begin XCBuildConfiguration section */
		BE0FD0721C59BD9B001EB8DF /* Debug */ = {
			isa = XCBuildConfiguration;
			buildSettings = {
				ALWAYS_SEARCH_USER_PATHS = NO;
				CLANG_CXX_LANGUAGE_STANDARD = "gnu++0x";
				CLANG_CXX_LIBRARY = "libc++";
				CLANG_ENABLE_MODULES = YES;
				CLANG_ENABLE_OBJC_ARC = YES;
				CLANG_WARN_BOOL_CONVERSION = YES;
				CLANG_WARN_CONSTANT_CONVERSION = YES;
				CLANG_WARN_DIRECT_OBJC_ISA_USAGE = YES_ERROR;
				CLANG_WARN_EMPTY_BODY = YES;
				CLANG_WARN_ENUM_CONVERSION = YES;
				CLANG_WARN_INT_CONVERSION = YES;
				CLANG_WARN_OBJC_ROOT_CLASS = YES_ERROR;
				CLANG_WARN_UNREACHABLE_CODE = YES;
				CLANG_WARN__DUPLICATE_METHOD_MATCH = YES;
				"CODE_SIGN_IDENTITY[sdk=iphoneos*]" = "iPhone Developer";
				COPY_PHASE_STRIP = NO;
				DEBUG_INFORMATION_FORMAT = dwarf;
				ENABLE_STRICT_OBJC_MSGSEND = YES;
				ENABLE_TESTABILITY = YES;
				GCC_C_LANGUAGE_STANDARD = gnu99;
				GCC_DYNAMIC_NO_PIC = NO;
				GCC_NO_COMMON_BLOCKS = YES;
				GCC_OPTIMIZATION_LEVEL = 0;
				GCC_PREPROCESSOR_DEFINITIONS = (
					"DEBUG=1",
					"$(inherited)",
				);
				GCC_WARN_64_TO_32_BIT_CONVERSION = YES;
				GCC_WARN_ABOUT_RETURN_TYPE = YES_ERROR;
				GCC_WARN_UNDECLARED_SELECTOR = YES;
				GCC_WARN_UNINITIALIZED_AUTOS = YES_AGGRESSIVE;
				GCC_WARN_UNUSED_FUNCTION = YES;
				GCC_WARN_UNUSED_VARIABLE = YES;
				IPHONEOS_DEPLOYMENT_TARGET = 9.2;
				MTL_ENABLE_DEBUG_INFO = YES;
				ONLY_ACTIVE_ARCH = YES;
				SDKROOT = iphoneos;
				SWIFT_OPTIMIZATION_LEVEL = "-Onone";
			};
			name = Debug;
		};
		BE0FD0731C59BD9B001EB8DF /* Release */ = {
			isa = XCBuildConfiguration;
			buildSettings = {
				ALWAYS_SEARCH_USER_PATHS = NO;
				CLANG_CXX_LANGUAGE_STANDARD = "gnu++0x";
				CLANG_CXX_LIBRARY = "libc++";
				CLANG_ENABLE_MODULES = YES;
				CLANG_ENABLE_OBJC_ARC = YES;
				CLANG_WARN_BOOL_CONVERSION = YES;
				CLANG_WARN_CONSTANT_CONVERSION = YES;
				CLANG_WARN_DIRECT_OBJC_ISA_USAGE = YES_ERROR;
				CLANG_WARN_EMPTY_BODY = YES;
				CLANG_WARN_ENUM_CONVERSION = YES;
				CLANG_WARN_INT_CONVERSION = YES;
				CLANG_WARN_OBJC_ROOT_CLASS = YES_ERROR;
				CLANG_WARN_UNREACHABLE_CODE = YES;
				CLANG_WARN__DUPLICATE_METHOD_MATCH = YES;
				"CODE_SIGN_IDENTITY[sdk=iphoneos*]" = "iPhone Developer";
				COPY_PHASE_STRIP = NO;
				DEBUG_INFORMATION_FORMAT = "dwarf-with-dsym";
				ENABLE_NS_ASSERTIONS = NO;
				ENABLE_STRICT_OBJC_MSGSEND = YES;
				GCC_C_LANGUAGE_STANDARD = gnu99;
				GCC_NO_COMMON_BLOCKS = YES;
				GCC_WARN_64_TO_32_BIT_CONVERSION = YES;
				GCC_WARN_ABOUT_RETURN_TYPE = YES_ERROR;
				GCC_WARN_UNDECLARED_SELECTOR = YES;
				GCC_WARN_UNINITIALIZED_AUTOS = YES_AGGRESSIVE;
				GCC_WARN_UNUSED_FUNCTION = YES;
				GCC_WARN_UNUSED_VARIABLE = YES;
				IPHONEOS_DEPLOYMENT_TARGET = 9.2;
				MTL_ENABLE_DEBUG_INFO = NO;
				SDKROOT = iphoneos;
				VALIDATE_PRODUCT = YES;
			};
			name = Release;
		};
		BE0FD0751C59BD9B001EB8DF /* Debug */ = {
			isa = XCBuildConfiguration;
			buildSettings = {
				ASSETCATALOG_COMPILER_APPICON_NAME = AppIcon;
				INFOPLIST_FILE = GifJams/Info.plist;
				LD_RUNPATH_SEARCH_PATHS = "$(inherited) @executable_path/Frameworks";
				PRODUCT_BUNDLE_IDENTIFIER = gonzoGapps.GifJams;
				PRODUCT_NAME = "$(TARGET_NAME)";
			};
			name = Debug;
		};
		BE0FD0761C59BD9B001EB8DF /* Release */ = {
			isa = XCBuildConfiguration;
			buildSettings = {
				ASSETCATALOG_COMPILER_APPICON_NAME = AppIcon;
				INFOPLIST_FILE = GifJams/Info.plist;
				LD_RUNPATH_SEARCH_PATHS = "$(inherited) @executable_path/Frameworks";
				PRODUCT_BUNDLE_IDENTIFIER = gonzoGapps.GifJams;
				PRODUCT_NAME = "$(TARGET_NAME)";
			};
			name = Release;
		};
/* End XCBuildConfiguration section */

/* Begin XCConfigurationList section */
		BE0FD05D1C59BD9A001EB8DF /* Build configuration list for PBXProject "GifJams" */ = {
			isa = XCConfigurationList;
			buildConfigurations = (
				BE0FD0721C59BD9B001EB8DF /* Debug */,
				BE0FD0731C59BD9B001EB8DF /* Release */,
			);
			defaultConfigurationIsVisible = 0;
			defaultConfigurationName = Release;
		};
		BE0FD0741C59BD9B001EB8DF /* Build configuration list for PBXNativeTarget "GifJams" */ = {
			isa = XCConfigurationList;
			buildConfigurations = (
				BE0FD0751C59BD9B001EB8DF /* Debug */,
				BE0FD0761C59BD9B001EB8DF /* Release */,
			);
			defaultConfigurationIsVisible = 0;
		};
/* End XCConfigurationList section */
	};
	rootObject = BE0FD05A1C59BD9A001EB8DF /* Project object */;
}
